// !$*UTF8*$!
{
	archiveVersion = 1;
	classes = {
	};
	objectVersion = 60;
	objects = {

/* Begin PBXBuildFile section */
		1140F2F12D292841003B9097 /* SecondTableViewCell.swift in Sources */ = {isa = PBXBuildFile; fileRef = 1140F2F02D292841003B9097 /* SecondTableViewCell.swift */; };
		1140F2F32D292847003B9097 /* ThirdTableViewCell.swift in Sources */ = {isa = PBXBuildFile; fileRef = 1140F2F22D292847003B9097 /* ThirdTableViewCell.swift */; };
		1140F2F62D292D7F003B9097 /* Kingfisher in Frameworks */ = {isa = PBXBuildFile; productRef = 1140F2F52D292D7F003B9097 /* Kingfisher */; };
		1171DB052D291AC5009296F6 /* AppDelegate.swift in Sources */ = {isa = PBXBuildFile; fileRef = 1171DB042D291AC5009296F6 /* AppDelegate.swift */; };
		1171DB072D291AC5009296F6 /* SceneDelegate.swift in Sources */ = {isa = PBXBuildFile; fileRef = 1171DB062D291AC5009296F6 /* SceneDelegate.swift */; };
		1171DB092D291AC5009296F6 /* ViewController.swift in Sources */ = {isa = PBXBuildFile; fileRef = 1171DB082D291AC5009296F6 /* ViewController.swift */; };
		1171DB0C2D291AC5009296F6 /* Base in Resources */ = {isa = PBXBuildFile; fileRef = 1171DB0B2D291AC5009296F6 /* Base */; };
		1171DB0E2D291AC7009296F6 /* Assets.xcassets in Resources */ = {isa = PBXBuildFile; fileRef = 1171DB0D2D291AC7009296F6 /* Assets.xcassets */; };
		1171DB112D291AC7009296F6 /* Base in Resources */ = {isa = PBXBuildFile; fileRef = 1171DB102D291AC7009296F6 /* Base */; };
		11721D7C2D29238C002F49A3 /* MagazineInfo.swift in Sources */ = {isa = PBXBuildFile; fileRef = 11721D7B2D29238C002F49A3 /* MagazineInfo.swift */; };
		11721D7E2D292395002F49A3 /* TravelInfo.swift in Sources */ = {isa = PBXBuildFile; fileRef = 11721D7D2D292395002F49A3 /* TravelInfo.swift */; };
		11721D812D2924FC002F49A3 /* FirstTableViewController.swift in Sources */ = {isa = PBXBuildFile; fileRef = 11721D802D2924FC002F49A3 /* FirstTableViewController.swift */; };
		11721D832D292671002F49A3 /* SecondTableViewController.swift in Sources */ = {isa = PBXBuildFile; fileRef = 11721D822D292671002F49A3 /* SecondTableViewController.swift */; };
		11721D852D292677002F49A3 /* ThirdTableViewController.swift in Sources */ = {isa = PBXBuildFile; fileRef = 11721D842D292677002F49A3 /* ThirdTableViewController.swift */; };
		11721D872D292804002F49A3 /* FirstTableViewCell.swift in Sources */ = {isa = PBXBuildFile; fileRef = 11721D862D292804002F49A3 /* FirstTableViewCell.swift */; };
		11FE11C72D2A617600BCAF8B /* ShoppingItem.swift in Sources */ = {isa = PBXBuildFile; fileRef = 11FE11C62D2A616F00BCAF8B /* ShoppingItem.swift */; };
		11FE11CA2D2A631000BCAF8B /* UIViewController+.swift in Sources */ = {isa = PBXBuildFile; fileRef = 11FE11C92D2A630A00BCAF8B /* UIViewController+.swift */; };
/* End PBXBuildFile section */

/* Begin PBXFileReference section */
		1140F2F02D292841003B9097 /* SecondTableViewCell.swift */ = {isa = PBXFileReference; lastKnownFileType = sourcecode.swift; path = SecondTableViewCell.swift; sourceTree = "<group>"; };
		1140F2F22D292847003B9097 /* ThirdTableViewCell.swift */ = {isa = PBXFileReference; lastKnownFileType = sourcecode.swift; path = ThirdTableViewCell.swift; sourceTree = "<group>"; };
		1171DB012D291AC5009296F6 /* TravelGuide.app */ = {isa = PBXFileReference; explicitFileType = wrapper.application; includeInIndex = 0; path = TravelGuide.app; sourceTree = BUILT_PRODUCTS_DIR; };
		1171DB042D291AC5009296F6 /* AppDelegate.swift */ = {isa = PBXFileReference; lastKnownFileType = sourcecode.swift; path = AppDelegate.swift; sourceTree = "<group>"; };
		1171DB062D291AC5009296F6 /* SceneDelegate.swift */ = {isa = PBXFileReference; lastKnownFileType = sourcecode.swift; path = SceneDelegate.swift; sourceTree = "<group>"; };
		1171DB082D291AC5009296F6 /* ViewController.swift */ = {isa = PBXFileReference; lastKnownFileType = sourcecode.swift; path = ViewController.swift; sourceTree = "<group>"; };
		1171DB0B2D291AC5009296F6 /* Base */ = {isa = PBXFileReference; lastKnownFileType = file.storyboard; name = Base; path = Base.lproj/Main.storyboard; sourceTree = "<group>"; };
		1171DB0D2D291AC7009296F6 /* Assets.xcassets */ = {isa = PBXFileReference; lastKnownFileType = folder.assetcatalog; path = Assets.xcassets; sourceTree = "<group>"; };
		1171DB102D291AC7009296F6 /* Base */ = {isa = PBXFileReference; lastKnownFileType = file.storyboard; name = Base; path = Base.lproj/LaunchScreen.storyboard; sourceTree = "<group>"; };
		1171DB122D291AC7009296F6 /* Info.plist */ = {isa = PBXFileReference; lastKnownFileType = text.plist.xml; path = Info.plist; sourceTree = "<group>"; };
		11721D7B2D29238C002F49A3 /* MagazineInfo.swift */ = {isa = PBXFileReference; lastKnownFileType = sourcecode.swift; path = MagazineInfo.swift; sourceTree = "<group>"; };
		11721D7D2D292395002F49A3 /* TravelInfo.swift */ = {isa = PBXFileReference; lastKnownFileType = sourcecode.swift; path = TravelInfo.swift; sourceTree = "<group>"; };
		11721D802D2924FC002F49A3 /* FirstTableViewController.swift */ = {isa = PBXFileReference; lastKnownFileType = sourcecode.swift; path = FirstTableViewController.swift; sourceTree = "<group>"; };
		11721D822D292671002F49A3 /* SecondTableViewController.swift */ = {isa = PBXFileReference; lastKnownFileType = sourcecode.swift; path = SecondTableViewController.swift; sourceTree = "<group>"; };
		11721D842D292677002F49A3 /* ThirdTableViewController.swift */ = {isa = PBXFileReference; lastKnownFileType = sourcecode.swift; path = ThirdTableViewController.swift; sourceTree = "<group>"; };
		11721D862D292804002F49A3 /* FirstTableViewCell.swift */ = {isa = PBXFileReference; lastKnownFileType = sourcecode.swift; path = FirstTableViewCell.swift; sourceTree = "<group>"; };
		11FE11C62D2A616F00BCAF8B /* ShoppingItem.swift */ = {isa = PBXFileReference; lastKnownFileType = sourcecode.swift; path = ShoppingItem.swift; sourceTree = "<group>"; };
		11FE11C92D2A630A00BCAF8B /* UIViewController+.swift */ = {isa = PBXFileReference; lastKnownFileType = sourcecode.swift; path = "UIViewController+.swift"; sourceTree = "<group>"; };
/* End PBXFileReference section */

/* Begin PBXFrameworksBuildPhase section */
		1171DAFE2D291AC5009296F6 /* Frameworks */ = {
			isa = PBXFrameworksBuildPhase;
			buildActionMask = 2147483647;
			files = (
				1140F2F62D292D7F003B9097 /* Kingfisher in Frameworks */,
			);
			runOnlyForDeploymentPostprocessing = 0;
		};
/* End PBXFrameworksBuildPhase section */

/* Begin PBXGroup section */
		1140F2EF2D29281B003B9097 /* Components */ = {
			isa = PBXGroup;
			children = (
				11721D862D292804002F49A3 /* FirstTableViewCell.swift */,
				1140F2F02D292841003B9097 /* SecondTableViewCell.swift */,
				1140F2F22D292847003B9097 /* ThirdTableViewCell.swift */,
			);
			path = Components;
			sourceTree = "<group>";
		};
		1171DAF82D291AC5009296F6 = {
			isa = PBXGroup;
			children = (
				1171DB032D291AC5009296F6 /* TravelGuide */,
				1171DB022D291AC5009296F6 /* Products */,
			);
			sourceTree = "<group>";
		};
		1171DB022D291AC5009296F6 /* Products */ = {
			isa = PBXGroup;
			children = (
				1171DB012D291AC5009296F6 /* TravelGuide.app */,
			);
			name = Products;
			sourceTree = "<group>";
		};
		1171DB032D291AC5009296F6 /* TravelGuide */ = {
			isa = PBXGroup;
			children = (
				11FE11C82D2A630300BCAF8B /* Extension */,
				1140F2EF2D29281B003B9097 /* Components */,
				11721D7F2D292398002F49A3 /* Model */,
				1171DB042D291AC5009296F6 /* AppDelegate.swift */,
				1171DB062D291AC5009296F6 /* SceneDelegate.swift */,
				1171DB082D291AC5009296F6 /* ViewController.swift */,
				1171DB0A2D291AC5009296F6 /* Main.storyboard */,
				11721D802D2924FC002F49A3 /* FirstTableViewController.swift */,
				11721D822D292671002F49A3 /* SecondTableViewController.swift */,
				11721D842D292677002F49A3 /* ThirdTableViewController.swift */,
				1171DB0D2D291AC7009296F6 /* Assets.xcassets */,
				1171DB0F2D291AC7009296F6 /* LaunchScreen.storyboard */,
				1171DB122D291AC7009296F6 /* Info.plist */,
			);
			path = TravelGuide;
			sourceTree = "<group>";
		};
		11721D7F2D292398002F49A3 /* Model */ = {
			isa = PBXGroup;
			children = (
				11FE11C62D2A616F00BCAF8B /* ShoppingItem.swift */,
				11721D7B2D29238C002F49A3 /* MagazineInfo.swift */,
				11721D7D2D292395002F49A3 /* TravelInfo.swift */,
			);
			path = Model;
			sourceTree = "<group>";
		};
		11FE11C82D2A630300BCAF8B /* Extension */ = {
			isa = PBXGroup;
			children = (
				11FE11C92D2A630A00BCAF8B /* UIViewController+.swift */,
			);
			path = Extension;
			sourceTree = "<group>";
		};
/* End PBXGroup section */

/* Begin PBXNativeTarget section */
		1171DB002D291AC5009296F6 /* TravelGuide */ = {
			isa = PBXNativeTarget;
			buildConfigurationList = 1171DB152D291AC7009296F6 /* Build configuration list for PBXNativeTarget "TravelGuide" */;
			buildPhases = (
				1171DAFD2D291AC5009296F6 /* Sources */,
				1171DAFE2D291AC5009296F6 /* Frameworks */,
				1171DAFF2D291AC5009296F6 /* Resources */,
			);
			buildRules = (
			);
			dependencies = (
			);
			name = TravelGuide;
			packageProductDependencies = (
				1140F2F52D292D7F003B9097 /* Kingfisher */,
			);
			productName = TravelGuide;
			productReference = 1171DB012D291AC5009296F6 /* TravelGuide.app */;
			productType = "com.apple.product-type.application";
		};
/* End PBXNativeTarget section */

/* Begin PBXProject section */
		1171DAF92D291AC5009296F6 /* Project object */ = {
			isa = PBXProject;
			attributes = {
				BuildIndependentTargetsInParallel = 1;
				LastSwiftUpdateCheck = 1600;
				LastUpgradeCheck = 1600;
				TargetAttributes = {
					1171DB002D291AC5009296F6 = {
						CreatedOnToolsVersion = 16.0;
					};
				};
			};
			buildConfigurationList = 1171DAFC2D291AC5009296F6 /* Build configuration list for PBXProject "TravelGuide" */;
			compatibilityVersion = "Xcode 15.0";
			developmentRegion = en;
			hasScannedForEncodings = 0;
			knownRegions = (
				en,
				Base,
			);
			mainGroup = 1171DAF82D291AC5009296F6;
			packageReferences = (
				1140F2F42D292D7F003B9097 /* XCRemoteSwiftPackageReference "Kingfisher" */,
			);
			productRefGroup = 1171DB022D291AC5009296F6 /* Products */;
			projectDirPath = "";
			projectRoot = "";
			targets = (
				1171DB002D291AC5009296F6 /* TravelGuide */,
			);
		};
/* End PBXProject section */

/* Begin PBXResourcesBuildPhase section */
		1171DAFF2D291AC5009296F6 /* Resources */ = {
			isa = PBXResourcesBuildPhase;
			buildActionMask = 2147483647;
			files = (
				1171DB0E2D291AC7009296F6 /* Assets.xcassets in Resources */,
				1171DB112D291AC7009296F6 /* Base in Resources */,
				1171DB0C2D291AC5009296F6 /* Base in Resources */,
			);
			runOnlyForDeploymentPostprocessing = 0;
		};
/* End PBXResourcesBuildPhase section */

/* Begin PBXSourcesBuildPhase section */
		1171DAFD2D291AC5009296F6 /* Sources */ = {
			isa = PBXSourcesBuildPhase;
			buildActionMask = 2147483647;
			files = (
				11FE11C72D2A617600BCAF8B /* ShoppingItem.swift in Sources */,
				11721D872D292804002F49A3 /* FirstTableViewCell.swift in Sources */,
				1140F2F12D292841003B9097 /* SecondTableViewCell.swift in Sources */,
				11721D7E2D292395002F49A3 /* TravelInfo.swift in Sources */,
				1140F2F32D292847003B9097 /* ThirdTableViewCell.swift in Sources */,
				1171DB092D291AC5009296F6 /* ViewController.swift in Sources */,
				11721D812D2924FC002F49A3 /* FirstTableViewController.swift in Sources */,
				11721D852D292677002F49A3 /* ThirdTableViewController.swift in Sources */,
				11721D7C2D29238C002F49A3 /* MagazineInfo.swift in Sources */,
				11FE11CA2D2A631000BCAF8B /* UIViewController+.swift in Sources */,
				11721D832D292671002F49A3 /* SecondTableViewController.swift in Sources */,
				1171DB052D291AC5009296F6 /* AppDelegate.swift in Sources */,
				1171DB072D291AC5009296F6 /* SceneDelegate.swift in Sources */,
			);
			runOnlyForDeploymentPostprocessing = 0;
		};
/* End PBXSourcesBuildPhase section */

/* Begin PBXVariantGroup section */
		1171DB0A2D291AC5009296F6 /* Main.storyboard */ = {
			isa = PBXVariantGroup;
			children = (
				1171DB0B2D291AC5009296F6 /* Base */,
			);
			name = Main.storyboard;
			sourceTree = "<group>";
		};
		1171DB0F2D291AC7009296F6 /* LaunchScreen.storyboard */ = {
			isa = PBXVariantGroup;
			children = (
				1171DB102D291AC7009296F6 /* Base */,
			);
			name = LaunchScreen.storyboard;
			sourceTree = "<group>";
		};
/* End PBXVariantGroup section */

/* Begin XCBuildConfiguration section */
		1171DB132D291AC7009296F6 /* Debug */ = {
			isa = XCBuildConfiguration;
			buildSettings = {
				ALWAYS_SEARCH_USER_PATHS = NO;
				ASSETCATALOG_COMPILER_GENERATE_SWIFT_ASSET_SYMBOL_EXTENSIONS = YES;
				CLANG_ANALYZER_NONNULL = YES;
				CLANG_ANALYZER_NUMBER_OBJECT_CONVERSION = YES_AGGRESSIVE;
				CLANG_CXX_LANGUAGE_STANDARD = "gnu++20";
				CLANG_ENABLE_MODULES = YES;
				CLANG_ENABLE_OBJC_ARC = YES;
				CLANG_ENABLE_OBJC_WEAK = YES;
				CLANG_WARN_BLOCK_CAPTURE_AUTORELEASING = YES;
				CLANG_WARN_BOOL_CONVERSION = YES;
				CLANG_WARN_COMMA = YES;
				CLANG_WARN_CONSTANT_CONVERSION = YES;
				CLANG_WARN_DEPRECATED_OBJC_IMPLEMENTATIONS = YES;
				CLANG_WARN_DIRECT_OBJC_ISA_USAGE = YES_ERROR;
				CLANG_WARN_DOCUMENTATION_COMMENTS = YES;
				CLANG_WARN_EMPTY_BODY = YES;
				CLANG_WARN_ENUM_CONVERSION = YES;
				CLANG_WARN_INFINITE_RECURSION = YES;
				CLANG_WARN_INT_CONVERSION = YES;
				CLANG_WARN_NON_LITERAL_NULL_CONVERSION = YES;
				CLANG_WARN_OBJC_IMPLICIT_RETAIN_SELF = YES;
				CLANG_WARN_OBJC_LITERAL_CONVERSION = YES;
				CLANG_WARN_OBJC_ROOT_CLASS = YES_ERROR;
				CLANG_WARN_QUOTED_INCLUDE_IN_FRAMEWORK_HEADER = YES;
				CLANG_WARN_RANGE_LOOP_ANALYSIS = YES;
				CLANG_WARN_STRICT_PROTOTYPES = YES;
				CLANG_WARN_SUSPICIOUS_MOVE = YES;
				CLANG_WARN_UNGUARDED_AVAILABILITY = YES_AGGRESSIVE;
				CLANG_WARN_UNREACHABLE_CODE = YES;
				CLANG_WARN__DUPLICATE_METHOD_MATCH = YES;
				COPY_PHASE_STRIP = NO;
				DEBUG_INFORMATION_FORMAT = dwarf;
				ENABLE_STRICT_OBJC_MSGSEND = YES;
				ENABLE_TESTABILITY = YES;
				ENABLE_USER_SCRIPT_SANDBOXING = YES;
				GCC_C_LANGUAGE_STANDARD = gnu17;
				GCC_DYNAMIC_NO_PIC = NO;
				GCC_NO_COMMON_BLOCKS = YES;
				GCC_OPTIMIZATION_LEVEL = 0;
				GCC_PREPROCESSOR_DEFINITIONS = (
					"DEBUG=1",
					"$(inherited)",
				);
				GCC_WARN_64_TO_32_BIT_CONVERSION = YES;
				GCC_WARN_ABOUT_RETURN_TYPE = YES_ERROR;
				GCC_WARN_UNDECLARED_SELECTOR = YES;
				GCC_WARN_UNINITIALIZED_AUTOS = YES_AGGRESSIVE;
				GCC_WARN_UNUSED_FUNCTION = YES;
				GCC_WARN_UNUSED_VARIABLE = YES;
				IPHONEOS_DEPLOYMENT_TARGET = 18.0;
				LOCALIZATION_PREFERS_STRING_CATALOGS = YES;
				MTL_ENABLE_DEBUG_INFO = INCLUDE_SOURCE;
				MTL_FAST_MATH = YES;
				ONLY_ACTIVE_ARCH = YES;
				SDKROOT = iphoneos;
				SWIFT_ACTIVE_COMPILATION_CONDITIONS = "DEBUG $(inherited)";
				SWIFT_OPTIMIZATION_LEVEL = "-Onone";
			};
			name = Debug;
		};
		1171DB142D291AC7009296F6 /* Release */ = {
			isa = XCBuildConfiguration;
			buildSettings = {
				ALWAYS_SEARCH_USER_PATHS = NO;
				ASSETCATALOG_COMPILER_GENERATE_SWIFT_ASSET_SYMBOL_EXTENSIONS = YES;
				CLANG_ANALYZER_NONNULL = YES;
				CLANG_ANALYZER_NUMBER_OBJECT_CONVERSION = YES_AGGRESSIVE;
				CLANG_CXX_LANGUAGE_STANDARD = "gnu++20";
				CLANG_ENABLE_MODULES = YES;
				CLANG_ENABLE_OBJC_ARC = YES;
				CLANG_ENABLE_OBJC_WEAK = YES;
				CLANG_WARN_BLOCK_CAPTURE_AUTORELEASING = YES;
				CLANG_WARN_BOOL_CONVERSION = YES;
				CLANG_WARN_COMMA = YES;
				CLANG_WARN_CONSTANT_CONVERSION = YES;
				CLANG_WARN_DEPRECATED_OBJC_IMPLEMENTATIONS = YES;
				CLANG_WARN_DIRECT_OBJC_ISA_USAGE = YES_ERROR;
				CLANG_WARN_DOCUMENTATION_COMMENTS = YES;
				CLANG_WARN_EMPTY_BODY = YES;
				CLANG_WARN_ENUM_CONVERSION = YES;
				CLANG_WARN_INFINITE_RECURSION = YES;
				CLANG_WARN_INT_CONVERSION = YES;
				CLANG_WARN_NON_LITERAL_NULL_CONVERSION = YES;
				CLANG_WARN_OBJC_IMPLICIT_RETAIN_SELF = YES;
				CLANG_WARN_OBJC_LITERAL_CONVERSION = YES;
				CLANG_WARN_OBJC_ROOT_CLASS = YES_ERROR;
				CLANG_WARN_QUOTED_INCLUDE_IN_FRAMEWORK_HEADER = YES;
				CLANG_WARN_RANGE_LOOP_ANALYSIS = YES;
				CLANG_WARN_STRICT_PROTOTYPES = YES;
				CLANG_WARN_SUSPICIOUS_MOVE = YES;
				CLANG_WARN_UNGUARDED_AVAILABILITY = YES_AGGRESSIVE;
				CLANG_WARN_UNREACHABLE_CODE = YES;
				CLANG_WARN__DUPLICATE_METHOD_MATCH = YES;
				COPY_PHASE_STRIP = NO;
				DEBUG_INFORMATION_FORMAT = "dwarf-with-dsym";
				ENABLE_NS_ASSERTIONS = NO;
				ENABLE_STRICT_OBJC_MSGSEND = YES;
				ENABLE_USER_SCRIPT_SANDBOXING = YES;
				GCC_C_LANGUAGE_STANDARD = gnu17;
				GCC_NO_COMMON_BLOCKS = YES;
				GCC_WARN_64_TO_32_BIT_CONVERSION = YES;
				GCC_WARN_ABOUT_RETURN_TYPE = YES_ERROR;
				GCC_WARN_UNDECLARED_SELECTOR = YES;
				GCC_WARN_UNINITIALIZED_AUTOS = YES_AGGRESSIVE;
				GCC_WARN_UNUSED_FUNCTION = YES;
				GCC_WARN_UNUSED_VARIABLE = YES;
				IPHONEOS_DEPLOYMENT_TARGET = 18.0;
				LOCALIZATION_PREFERS_STRING_CATALOGS = YES;
				MTL_ENABLE_DEBUG_INFO = NO;
				MTL_FAST_MATH = YES;
				SDKROOT = iphoneos;
				SWIFT_COMPILATION_MODE = wholemodule;
				VALIDATE_PRODUCT = YES;
			};
			name = Release;
		};
		1171DB162D291AC7009296F6 /* Debug */ = {
			isa = XCBuildConfiguration;
			buildSettings = {
				ASSETCATALOG_COMPILER_APPICON_NAME = AppIcon;
				ASSETCATALOG_COMPILER_GLOBAL_ACCENT_COLOR_NAME = AccentColor;
				CODE_SIGN_STYLE = Automatic;
				CURRENT_PROJECT_VERSION = 1;
				DEVELOPMENT_TEAM = W43DLLFB4Q;
				GENERATE_INFOPLIST_FILE = YES;
				INFOPLIST_FILE = TravelGuide/Info.plist;
				INFOPLIST_KEY_UIApplicationSupportsIndirectInputEvents = YES;
				INFOPLIST_KEY_UILaunchStoryboardName = LaunchScreen;
				INFOPLIST_KEY_UIMainStoryboardFile = Main;
				INFOPLIST_KEY_UISupportedInterfaceOrientations = UIInterfaceOrientationPortrait;
				INFOPLIST_KEY_UISupportedInterfaceOrientations_iPad = "UIInterfaceOrientationLandscapeLeft UIInterfaceOrientationLandscapeRight UIInterfaceOrientationPortrait UIInterfaceOrientationPortraitUpsideDown";
				LD_RUNPATH_SEARCH_PATHS = (
					"$(inherited)",
					"@executable_path/Frameworks",
				);
				MARKETING_VERSION = 1.0;
				PRODUCT_BUNDLE_IDENTIFIER = com.sean.SeSAC.Assignment.TravelGuide;
				PRODUCT_NAME = "$(TARGET_NAME)";
				SUPPORTED_PLATFORMS = "iphoneos iphonesimulator";
				SUPPORTS_MACCATALYST = NO;
				SUPPORTS_MAC_DESIGNED_FOR_IPHONE_IPAD = NO;
				SUPPORTS_XR_DESIGNED_FOR_IPHONE_IPAD = NO;
				SWIFT_EMIT_LOC_STRINGS = YES;
				SWIFT_VERSION = 5.0;
				TARGETED_DEVICE_FAMILY = 1;
			};
			name = Debug;
		};
		1171DB172D291AC7009296F6 /* Release */ = {
			isa = XCBuildConfiguration;
			buildSettings = {
				ASSETCATALOG_COMPILER_APPICON_NAME = AppIcon;
				ASSETCATALOG_COMPILER_GLOBAL_ACCENT_COLOR_NAME = AccentColor;
				CODE_SIGN_STYLE = Automatic;
				CURRENT_PROJECT_VERSION = 1;
				DEVELOPMENT_TEAM = W43DLLFB4Q;
				GENERATE_INFOPLIST_FILE = YES;
				INFOPLIST_FILE = TravelGuide/Info.plist;
				INFOPLIST_KEY_UIApplicationSupportsIndirectInputEvents = YES;
				INFOPLIST_KEY_UILaunchStoryboardName = LaunchScreen;
				INFOPLIST_KEY_UIMainStoryboardFile = Main;
				INFOPLIST_KEY_UISupportedInterfaceOrientations = UIInterfaceOrientationPortrait;
				INFOPLIST_KEY_UISupportedInterfaceOrientations_iPad = "UIInterfaceOrientationLandscapeLeft UIInterfaceOrientationLandscapeRight UIInterfaceOrientationPortrait UIInterfaceOrientationPortraitUpsideDown";
				LD_RUNPATH_SEARCH_PATHS = (
					"$(inherited)",
					"@executable_path/Frameworks",
				);
				MARKETING_VERSION = 1.0;
				PRODUCT_BUNDLE_IDENTIFIER = com.sean.SeSAC.Assignment.TravelGuide;
				PRODUCT_NAME = "$(TARGET_NAME)";
				SUPPORTED_PLATFORMS = "iphoneos iphonesimulator";
				SUPPORTS_MACCATALYST = NO;
				SUPPORTS_MAC_DESIGNED_FOR_IPHONE_IPAD = NO;
				SUPPORTS_XR_DESIGNED_FOR_IPHONE_IPAD = NO;
				SWIFT_EMIT_LOC_STRINGS = YES;
				SWIFT_VERSION = 5.0;
				TARGETED_DEVICE_FAMILY = 1;
			};
			name = Release;
		};
/* End XCBuildConfiguration section */

/* Begin XCConfigurationList section */
		1171DAFC2D291AC5009296F6 /* Build configuration list for PBXProject "TravelGuide" */ = {
			isa = XCConfigurationList;
			buildConfigurations = (
				1171DB132D291AC7009296F6 /* Debug */,
				1171DB142D291AC7009296F6 /* Release */,
			);
			defaultConfigurationIsVisible = 0;
			defaultConfigurationName = Release;
		};
		1171DB152D291AC7009296F6 /* Build configuration list for PBXNativeTarget "TravelGuide" */ = {
			isa = XCConfigurationList;
			buildConfigurations = (
				1171DB162D291AC7009296F6 /* Debug */,
				1171DB172D291AC7009296F6 /* Release */,
			);
			defaultConfigurationIsVisible = 0;
			defaultConfigurationName = Release;
		};
/* End XCConfigurationList section */

/* Begin XCRemoteSwiftPackageReference section */
		1140F2F42D292D7F003B9097 /* XCRemoteSwiftPackageReference "Kingfisher" */ = {
			isa = XCRemoteSwiftPackageReference;
			repositoryURL = "https://github.com/onevcat/Kingfisher";
			requirement = {
				kind = upToNextMajorVersion;
				minimumVersion = 8.1.3;
			};
		};
/* End XCRemoteSwiftPackageReference section */

/* Begin XCSwiftPackageProductDependency section */
		1140F2F52D292D7F003B9097 /* Kingfisher */ = {
			isa = XCSwiftPackageProductDependency;
			package = 1140F2F42D292D7F003B9097 /* XCRemoteSwiftPackageReference "Kingfisher" */;
			productName = Kingfisher;
		};
/* End XCSwiftPackageProductDependency section */
	};
	rootObject = 1171DAF92D291AC5009296F6 /* Project object */;
}
